PODS:
  - dyte_client (0.0.2):
    - DyteSdk (~> 1.23)
    - Flutter
  - DyteSdk (1.26)
  - Flutter (1.0.0)

DEPENDENCIES:
  - dyte_client (from `.symlinks/plugins/dyte_client/ios`)
  - Flutter (from `Flutter`)

SPEC REPOS:
  trunk:
    - DyteSdk

EXTERNAL SOURCES:
  dyte_client:
    :path: ".symlinks/plugins/dyte_client/ios"
  Flutter:
    :path: Flutter

SPEC CHECKSUMS:
  dyte_client: c43d1a7eebf9ec402b580e6e2e8354dd4d3d0cfe
  DyteSdk: 3042b951bdea586999774e0a35be21c3cd02a21b
  Flutter: 50d75fe2f02b26cc09d224853bb45737f8b3214a

PODFILE CHECKSUM: a7ae99ad71c6c60657e7ec9f9469f63e7a0b816d

COCOAPODS: 1.11.2
